
Microsoft Visual Studio Solution File, Format Version 12.00
# Visual Studio 15
VisualStudioVersion = 15.0.28010.2048
MinimumVisualStudioVersion = 10.0.40219.1
Project("{8BC9CEB8-8B4A-11D0-8D11-00A0C91BC942}") = "Factory", "Factory\Factory.vcxproj", "{376746E1-233C-43A3-B12D-3CB07DAFA6A5}"
EndProject
Project("{8BC9CEB8-8B4A-11D0-8D11-00A0C91BC942}") = "Strategy", "Strategy\Strategy.vcxproj", "{00C21438-04F3-470E-9F6E-7E9840F8DB82}"
EndProject
Global
	GlobalSection(SolutionConfigurationPlatforms) = preSolution
		Debug|x64 = Debug|x64
		Debug|x86 = Debug|x86
		Release|x64 = Release|x64
		Release|x86 = Release|x86
	EndGlobalSection
	GlobalSection(ProjectConfigurationPlatforms) = postSolution
		{376746E1-233C-43A3-B12D-3CB07DAFA6A5}.Debug|x64.ActiveCfg = Debug|x64
		{376746E1-233C-43A3-B12D-3CB07DAFA6A5}.Debug|x64.Build.0 = Debug|x64
		{376746E1-233C-43A3-B12D-3CB07DAFA6A5}.Debug|x86.ActiveCfg = Debug|Win32
		{376746E1-233C-43A3-B12D-3CB07DAFA6A5}.Debug|x86.Build.0 = Debug|Win32
		{376746E1-233C-43A3-B12D-3CB07DAFA6A5}.Release|x64.ActiveCfg = Release|x64
		{376746E1-233C-43A3-B12D-3CB07DAFA6A5}.Release|x64.Build.0 = Release|x64
		{376746E1-233C-43A3-B12D-3CB07DAFA6A5}.Release|x86.ActiveCfg = Release|Win32
		{376746E1-233C-43A3-B12D-3CB07DAFA6A5}.Release|x86.Build.0 = Release|Win32
		{00C21438-04F3-470E-9F6E-7E9840F8DB82}.Debug|x64.ActiveCfg = Debug|x64
		{00C21438-04F3-470E-9F6E-7E9840F8DB82}.Debug|x64.Build.0 = Debug|x64
		{00C21438-04F3-470E-9F6E-7E9840F8DB82}.Debug|x86.ActiveCfg = Debug|Win32
		{00C21438-04F3-470E-9F6E-7E9840F8DB82}.Debug|x86.Build.0 = Debug|Win32
		{00C21438-04F3-470E-9F6E-7E9840F8DB82}.Release|x64.ActiveCfg = Release|x64
		{00C21438-04F3-470E-9F6E-7E9840F8DB82}.Release|x64.Build.0 = Release|x64
		{00C21438-04F3-470E-9F6E-7E9840F8DB82}.Release|x86.ActiveCfg = Release|Win32
		{00C21438-04F3-470E-9F6E-7E9840F8DB82}.Release|x86.Build.0 = Release|Win32
	EndGlobalSection
	GlobalSection(SolutionProperties) = preSolution
		HideSolutionNode = FALSE
	EndGlobalSection
	GlobalSection(ExtensibilityGlobals) = postSolution
		SolutionGuid = {C58AF444-F5F4-40A7-9E1F-E6A54AE48EED}
	EndGlobalSection
EndGlobal
